{
  "name": "klimwoordenboek",
  "lockfileVersion": 3,
  "requires": true,
  "packages": {
    "": {
      "name": "klimwoordenboek",
      "dependencies": {
        "es-toolkit": "^1.51.0"
      }
    },
    "node_modules/es-toolkit": {
      "version": "1.51.0",
      "resolved": "https://registry.npmjs.org/es-toolkit/-/es-toolkit-1.51.0.tgz",
      "integrity": "sha512-zC2lQGkM7QX+Gm6iM3+WIdZJzthsEd14LvRNJneSO2hzyz/zNBENR8+YXWo1cKxgPBtV6ksPYHELbcwBRzmdCw==",
      "license": "MIT",
      "workspaces": [
        "docs",
        "benchmarks",
        "tests/types",
        "tests/browser-compat"
      ]
    }
  }
}
